
Microsoft Visual Studio Solution File, Format Version 12.00
# Visual Studio 15
VisualStudioVersion = 15.0.28010.2016
MinimumVisualStudioVersion = 10.0.40219.1
Project("{FAE04EC0-301F-11D3-BF4B-00C04F79EFBC}") = "HolaMundo", "HolaMundo\HolaMundo.csproj", "{0CCECA11-8E74-46F5-B857-1D68BE3EE5EF}"
EndProject
Global
	GlobalSection(SolutionConfigurationPlatforms) = preSolution
		Debug|Any CPU = Debug|Any CPU
		Release|Any CPU = Release|Any CPU
	EndGlobalSection
	GlobalSection(ProjectConfigurationPlatforms) = postSolution
		{0CCECA11-8E74-46F5-B857-1D68BE3EE5EF}.Debug|Any CPU.ActiveCfg = Debug|Any CPU
		{0CCECA11-8E74-46F5-B857-1D68BE3EE5EF}.Debug|Any CPU.Build.0 = Debug|Any CPU
		{0CCECA11-8E74-46F5-B857-1D68BE3EE5EF}.Release|Any CPU.ActiveCfg = Release|Any CPU
		{0CCECA11-8E74-46F5-B857-1D68BE3EE5EF}.Release|Any CPU.Build.0 = Release|Any CPU
	EndGlobalSection
	GlobalSection(SolutionProperties) = preSolution
		HideSolutionNode = FALSE
	EndGlobalSection
	GlobalSection(ExtensibilityGlobals) = postSolution
		SolutionGuid = {98C0E8A5-5A78-4F94-A526-E40860FFA70D}
	EndGlobalSection
EndGlobal
